// !$*UTF8*$!
{
	archiveVersion = 1;
	classes = {
	};
	objectVersion = 56;
	objects = {

/* Begin PBXBuildFile section */
		1C4A92F42BB5792100824B14 /* AppDelegate.swift in Sources */ = {isa = PBXBuildFile; fileRef = 1C4A92F32BB5792100824B14 /* AppDelegate.swift */; };
		1C4A92F62BB5792100824B14 /* SceneDelegate.swift in Sources */ = {isa = PBXBuildFile; fileRef = 1C4A92F52BB5792100824B14 /* SceneDelegate.swift */; };
		1C4A92F82BB5792100824B14 /* ViewController.swift in Sources */ = {isa = PBXBuildFile; fileRef = 1C4A92F72BB5792100824B14 /* ViewController.swift */; };
		1C4A92FB2BB5792100824B14 /* Base in Resources */ = {isa = PBXBuildFile; fileRef = 1C4A92FA2BB5792100824B14 /* Base */; };
		1C4A92FD2BB5792200824B14 /* Assets.xcassets in Resources */ = {isa = PBXBuildFile; fileRef = 1C4A92FC2BB5792200824B14 /* Assets.xcassets */; };
		1C4A93002BB5792200824B14 /* Base in Resources */ = {isa = PBXBuildFile; fileRef = 1C4A92FF2BB5792200824B14 /* Base */; };
		1C4A930E2BB579ED00824B14 /* ReplayKit.framework in Frameworks */ = {isa = PBXBuildFile; fileRef = 1C4A930D2BB579ED00824B14 /* ReplayKit.framework */; };
		1C4A93112BB579ED00824B14 /* SampleHandler.swift in Sources */ = {isa = PBXBuildFile; fileRef = 1C4A93102BB579ED00824B14 /* SampleHandler.swift */; };
		1C4A93182BB579ED00824B14 /* ReplayKit.framework in Frameworks */ = {isa = PBXBuildFile; fileRef = 1C4A930D2BB579ED00824B14 /* ReplayKit.framework */; };
		1C4A931A2BB579ED00824B14 /* UIKit.framework in Frameworks */ = {isa = PBXBuildFile; fileRef = 1C4A93192BB579ED00824B14 /* UIKit.framework */; };
		1C4A931D2BB579ED00824B14 /* BroadcastSetupViewController.swift in Sources */ = {isa = PBXBuildFile; fileRef = 1C4A931C2BB579ED00824B14 /* BroadcastSetupViewController.swift */; };
		1C4A93212BB579ED00824B14 /* ScreenRecordingExampleExtensionSetupUI.appex in Embed Foundation Extensions */ = {isa = PBXBuildFile; fileRef = 1C4A93172BB579ED00824B14 /* ScreenRecordingExampleExtensionSetupUI.appex */; settings = {ATTRIBUTES = (RemoveHeadersOnCopy, ); }; };
		1C4A93242BB579ED00824B14 /* ScreenRecordingExampleExtension.appex in Embed Foundation Extensions */ = {isa = PBXBuildFile; fileRef = 1C4A930B2BB579ED00824B14 /* ScreenRecordingExampleExtension.appex */; settings = {ATTRIBUTES = (RemoveHeadersOnCopy, ); }; };
		1C4A93302BB6875800824B14 /* BroadcastWriter in Frameworks */ = {isa = PBXBuildFile; productRef = 1C4A932F2BB6875800824B14 /* BroadcastWriter */; };
/* End PBXBuildFile section */

/* Begin PBXContainerItemProxy section */
		1C4A931F2BB579ED00824B14 /* PBXContainerItemProxy */ = {
			isa = PBXContainerItemProxy;
			containerPortal = 1C4A92E82BB5792100824B14 /* Project object */;
			proxyType = 1;
			remoteGlobalIDString = 1C4A93162BB579ED00824B14;
			remoteInfo = ScreenRecordingExampleExtensionSetupUI;
		};
		1C4A93222BB579ED00824B14 /* PBXContainerItemProxy */ = {
			isa = PBXContainerItemProxy;
			containerPortal = 1C4A92E82BB5792100824B14 /* Project object */;
			proxyType = 1;
			remoteGlobalIDString = 1C4A930A2BB579ED00824B14;
			remoteInfo = ScreenRecordingExampleExtension;
		};
/* End PBXContainerItemProxy section */

/* Begin PBXCopyFilesBuildPhase section */
		1C4A932B2BB579ED00824B14 /* Embed Foundation Extensions */ = {
			isa = PBXCopyFilesBuildPhase;
			buildActionMask = 2147483647;
			dstPath = "";
			dstSubfolderSpec = 13;
			files = (
				1C4A93212BB579ED00824B14 /* ScreenRecordingExampleExtensionSetupUI.appex in Embed Foundation Extensions */,
				1C4A93242BB579ED00824B14 /* ScreenRecordingExampleExtension.appex in Embed Foundation Extensions */,
			);
			name = "Embed Foundation Extensions";
			runOnlyForDeploymentPostprocessing = 0;
		};
/* End PBXCopyFilesBuildPhase section */

/* Begin PBXFileReference section */
		1C4A92F02BB5792100824B14 /* ScreenRecordingExample.app */ = {isa = PBXFileReference; explicitFileType = wrapper.application; includeInIndex = 0; path = ScreenRecordingExample.app; sourceTree = BUILT_PRODUCTS_DIR; };
		1C4A92F32BB5792100824B14 /* AppDelegate.swift */ = {isa = PBXFileReference; lastKnownFileType = sourcecode.swift; path = AppDelegate.swift; sourceTree = "<group>"; };
		1C4A92F52BB5792100824B14 /* SceneDelegate.swift */ = {isa = PBXFileReference; lastKnownFileType = sourcecode.swift; path = SceneDelegate.swift; sourceTree = "<group>"; };
		1C4A92F72BB5792100824B14 /* ViewController.swift */ = {isa = PBXFileReference; lastKnownFileType = sourcecode.swift; path = ViewController.swift; sourceTree = "<group>"; };
		1C4A92FA2BB5792100824B14 /* Base */ = {isa = PBXFileReference; lastKnownFileType = file.storyboard; name = Base; path = Base.lproj/Main.storyboard; sourceTree = "<group>"; };
		1C4A92FC2BB5792200824B14 /* Assets.xcassets */ = {isa = PBXFileReference; lastKnownFileType = folder.assetcatalog; path = Assets.xcassets; sourceTree = "<group>"; };
		1C4A92FF2BB5792200824B14 /* Base */ = {isa = PBXFileReference; lastKnownFileType = file.storyboard; name = Base; path = Base.lproj/LaunchScreen.storyboard; sourceTree = "<group>"; };
		1C4A93012BB5792200824B14 /* Info.plist */ = {isa = PBXFileReference; lastKnownFileType = text.plist.xml; path = Info.plist; sourceTree = "<group>"; };
		1C4A930B2BB579ED00824B14 /* ScreenRecordingExampleExtension.appex */ = {isa = PBXFileReference; explicitFileType = "wrapper.app-extension"; includeInIndex = 0; path = ScreenRecordingExampleExtension.appex; sourceTree = BUILT_PRODUCTS_DIR; };
		1C4A930D2BB579ED00824B14 /* ReplayKit.framework */ = {isa = PBXFileReference; lastKnownFileType = wrapper.framework; name = ReplayKit.framework; path = System/Library/Frameworks/ReplayKit.framework; sourceTree = SDKROOT; };
		1C4A93102BB579ED00824B14 /* SampleHandler.swift */ = {isa = PBXFileReference; lastKnownFileType = sourcecode.swift; path = SampleHandler.swift; sourceTree = "<group>"; };
		1C4A93122BB579ED00824B14 /* Info.plist */ = {isa = PBXFileReference; lastKnownFileType = text.plist.xml; path = Info.plist; sourceTree = "<group>"; };
		1C4A93172BB579ED00824B14 /* ScreenRecordingExampleExtensionSetupUI.appex */ = {isa = PBXFileReference; explicitFileType = "wrapper.app-extension"; includeInIndex = 0; path = ScreenRecordingExampleExtensionSetupUI.appex; sourceTree = BUILT_PRODUCTS_DIR; };
		1C4A93192BB579ED00824B14 /* UIKit.framework */ = {isa = PBXFileReference; lastKnownFileType = wrapper.framework; name = UIKit.framework; path = System/Library/Frameworks/UIKit.framework; sourceTree = SDKROOT; };
		1C4A931C2BB579ED00824B14 /* BroadcastSetupViewController.swift */ = {isa = PBXFileReference; lastKnownFileType = sourcecode.swift; path = BroadcastSetupViewController.swift; sourceTree = "<group>"; };
		1C4A931E2BB579ED00824B14 /* Info.plist */ = {isa = PBXFileReference; lastKnownFileType = text.plist.xml; path = Info.plist; sourceTree = "<group>"; };
		1C4A932C2BB5888600824B14 /* ScreenRecordingExample.entitlements */ = {isa = PBXFileReference; lastKnownFileType = text.plist.entitlements; path = ScreenRecordingExample.entitlements; sourceTree = "<group>"; };
		1C4A932D2BB5889D00824B14 /* ScreenRecordingExampleExtension.entitlements */ = {isa = PBXFileReference; lastKnownFileType = text.plist.entitlements; path = ScreenRecordingExampleExtension.entitlements; sourceTree = "<group>"; };
/* End PBXFileReference section */

/* Begin PBXFrameworksBuildPhase section */
		1C4A92ED2BB5792100824B14 /* Frameworks */ = {
			isa = PBXFrameworksBuildPhase;
			buildActionMask = 2147483647;
			files = (
			);
			runOnlyForDeploymentPostprocessing = 0;
		};
		1C4A93082BB579ED00824B14 /* Frameworks */ = {
			isa = PBXFrameworksBuildPhase;
			buildActionMask = 2147483647;
			files = (
				1C4A930E2BB579ED00824B14 /* ReplayKit.framework in Frameworks */,
				1C4A93302BB6875800824B14 /* BroadcastWriter in Frameworks */,
			);
			runOnlyForDeploymentPostprocessing = 0;
		};
		1C4A93142BB579ED00824B14 /* Frameworks */ = {
			isa = PBXFrameworksBuildPhase;
			buildActionMask = 2147483647;
			files = (
				1C4A93182BB579ED00824B14 /* ReplayKit.framework in Frameworks */,
				1C4A931A2BB579ED00824B14 /* UIKit.framework in Frameworks */,
			);
			runOnlyForDeploymentPostprocessing = 0;
		};
/* End PBXFrameworksBuildPhase section */

/* Begin PBXGroup section */
		1C4A92E72BB5792100824B14 = {
			isa = PBXGroup;
			children = (
				1C4A92F22BB5792100824B14 /* ScreenRecordingExample */,
				1C4A930F2BB579ED00824B14 /* ScreenRecordingExampleExtension */,
				1C4A931B2BB579ED00824B14 /* ScreenRecordingExampleExtensionSetupUI */,
				1C4A930C2BB579ED00824B14 /* Frameworks */,
				1C4A92F12BB5792100824B14 /* Products */,
			);
			sourceTree = "<group>";
		};
		1C4A92F12BB5792100824B14 /* Products */ = {
			isa = PBXGroup;
			children = (
				1C4A92F02BB5792100824B14 /* ScreenRecordingExample.app */,
				1C4A930B2BB579ED00824B14 /* ScreenRecordingExampleExtension.appex */,
				1C4A93172BB579ED00824B14 /* ScreenRecordingExampleExtensionSetupUI.appex */,
			);
			name = Products;
			sourceTree = "<group>";
		};
		1C4A92F22BB5792100824B14 /* ScreenRecordingExample */ = {
			isa = PBXGroup;
			children = (
				1C4A932C2BB5888600824B14 /* ScreenRecordingExample.entitlements */,
				1C4A92F32BB5792100824B14 /* AppDelegate.swift */,
				1C4A92F52BB5792100824B14 /* SceneDelegate.swift */,
				1C4A92F72BB5792100824B14 /* ViewController.swift */,
				1C4A92F92BB5792100824B14 /* Main.storyboard */,
				1C4A92FC2BB5792200824B14 /* Assets.xcassets */,
				1C4A92FE2BB5792200824B14 /* LaunchScreen.storyboard */,
				1C4A93012BB5792200824B14 /* Info.plist */,
			);
			path = ScreenRecordingExample;
			sourceTree = "<group>";
		};
		1C4A930C2BB579ED00824B14 /* Frameworks */ = {
			isa = PBXGroup;
			children = (
				1C4A930D2BB579ED00824B14 /* ReplayKit.framework */,
				1C4A93192BB579ED00824B14 /* UIKit.framework */,
			);
			name = Frameworks;
			sourceTree = "<group>";
		};
		1C4A930F2BB579ED00824B14 /* ScreenRecordingExampleExtension */ = {
			isa = PBXGroup;
			children = (
				1C4A932D2BB5889D00824B14 /* ScreenRecordingExampleExtension.entitlements */,
				1C4A93102BB579ED00824B14 /* SampleHandler.swift */,
				1C4A93122BB579ED00824B14 /* Info.plist */,
			);
			path = ScreenRecordingExampleExtension;
			sourceTree = "<group>";
		};
		1C4A931B2BB579ED00824B14 /* ScreenRecordingExampleExtensionSetupUI */ = {
			isa = PBXGroup;
			children = (
				1C4A931C2BB579ED00824B14 /* BroadcastSetupViewController.swift */,
				1C4A931E2BB579ED00824B14 /* Info.plist */,
			);
			path = ScreenRecordingExampleExtensionSetupUI;
			sourceTree = "<group>";
		};
/* End PBXGroup section */

/* Begin PBXNativeTarget section */
		1C4A92EF2BB5792100824B14 /* ScreenRecordingExample */ = {
			isa = PBXNativeTarget;
			buildConfigurationList = 1C4A93042BB5792200824B14 /* Build configuration list for PBXNativeTarget "ScreenRecordingExample" */;
			buildPhases = (
				1C4A92EC2BB5792100824B14 /* Sources */,
				1C4A92ED2BB5792100824B14 /* Frameworks */,
				1C4A92EE2BB5792100824B14 /* Resources */,
				1C4A932B2BB579ED00824B14 /* Embed Foundation Extensions */,
			);
			buildRules = (
			);
			dependencies = (
				1C4A93202BB579ED00824B14 /* PBXTargetDependency */,
				1C4A93232BB579ED00824B14 /* PBXTargetDependency */,
			);
			name = ScreenRecordingExample;
			productName = ScreenRecordingExample;
			productReference = 1C4A92F02BB5792100824B14 /* ScreenRecordingExample.app */;
			productType = "com.apple.product-type.application";
		};
		1C4A930A2BB579ED00824B14 /* ScreenRecordingExampleExtension */ = {
			isa = PBXNativeTarget;
			buildConfigurationList = 1C4A93282BB579ED00824B14 /* Build configuration list for PBXNativeTarget "ScreenRecordingExampleExtension" */;
			buildPhases = (
				1C4A93072BB579ED00824B14 /* Sources */,
				1C4A93082BB579ED00824B14 /* Frameworks */,
				1C4A93092BB579ED00824B14 /* Resources */,
			);
			buildRules = (
			);
			dependencies = (
			);
			name = ScreenRecordingExampleExtension;
			packageProductDependencies = (
				1C4A932F2BB6875800824B14 /* BroadcastWriter */,
			);
			productName = ScreenRecordingExampleExtension;
			productReference = 1C4A930B2BB579ED00824B14 /* ScreenRecordingExampleExtension.appex */;
			productType = "com.apple.product-type.app-extension";
		};
		1C4A93162BB579ED00824B14 /* ScreenRecordingExampleExtensionSetupUI */ = {
			isa = PBXNativeTarget;
			buildConfigurationList = 1C4A93252BB579ED00824B14 /* Build configuration list for PBXNativeTarget "ScreenRecordingExampleExtensionSetupUI" */;
			buildPhases = (
				1C4A93132BB579ED00824B14 /* Sources */,
				1C4A93142BB579ED00824B14 /* Frameworks */,
				1C4A93152BB579ED00824B14 /* Resources */,
			);
			buildRules = (
			);
			dependencies = (
			);
			name = ScreenRecordingExampleExtensionSetupUI;
			productName = ScreenRecordingExampleExtensionSetupUI;
			productReference = 1C4A93172BB579ED00824B14 /* ScreenRecordingExampleExtensionSetupUI.appex */;
			productType = "com.apple.product-type.app-extension";
		};
/* End PBXNativeTarget section */

/* Begin PBXProject section */
		1C4A92E82BB5792100824B14 /* Project object */ = {
			isa = PBXProject;
			attributes = {
				BuildIndependentTargetsInParallel = 1;
				LastSwiftUpdateCheck = 1530;
				LastUpgradeCheck = 1530;
				TargetAttributes = {
					1C4A92EF2BB5792100824B14 = {
						CreatedOnToolsVersion = 15.3;
					};
					1C4A930A2BB579ED00824B14 = {
						CreatedOnToolsVersion = 15.3;
					};
					1C4A93162BB579ED00824B14 = {
						CreatedOnToolsVersion = 15.3;
					};
				};
			};
			buildConfigurationList = 1C4A92EB2BB5792100824B14 /* Build configuration list for PBXProject "ScreenRecordingExample" */;
			compatibilityVersion = "Xcode 14.0";
			developmentRegion = en;
			hasScannedForEncodings = 0;
			knownRegions = (
				en,
				Base,
			);
			mainGroup = 1C4A92E72BB5792100824B14;
			packageReferences = (
				1C4A932E2BB6875800824B14 /* XCRemoteSwiftPackageReference "BroadcastWriter" */,
			);
			productRefGroup = 1C4A92F12BB5792100824B14 /* Products */;
			projectDirPath = "";
			projectRoot = "";
			targets = (
				1C4A92EF2BB5792100824B14 /* ScreenRecordingExample */,
				1C4A930A2BB579ED00824B14 /* ScreenRecordingExampleExtension */,
				1C4A93162BB579ED00824B14 /* ScreenRecordingExampleExtensionSetupUI */,
			);
		};
/* End PBXProject section */

/* Begin PBXResourcesBuildPhase section */
		1C4A92EE2BB5792100824B14 /* Resources */ = {
			isa = PBXResourcesBuildPhase;
			buildActionMask = 2147483647;
			files = (
				1C4A92FD2BB5792200824B14 /* Assets.xcassets in Resources */,
				1C4A93002BB5792200824B14 /* Base in Resources */,
				1C4A92FB2BB5792100824B14 /* Base in Resources */,
			);
			runOnlyForDeploymentPostprocessing = 0;
		};
		1C4A93092BB579ED00824B14 /* Resources */ = {
			isa = PBXResourcesBuildPhase;
			buildActionMask = 2147483647;
			files = (
			);
			runOnlyForDeploymentPostprocessing = 0;
		};
		1C4A93152BB579ED00824B14 /* Resources */ = {
			isa = PBXResourcesBuildPhase;
			buildActionMask = 2147483647;
			files = (
			);
			runOnlyForDeploymentPostprocessing = 0;
		};
/* End PBXResourcesBuildPhase section */

/* Begin PBXSourcesBuildPhase section */
		1C4A92EC2BB5792100824B14 /* Sources */ = {
			isa = PBXSourcesBuildPhase;
			buildActionMask = 2147483647;
			files = (
				1C4A92F82BB5792100824B14 /* ViewController.swift in Sources */,
				1C4A92F42BB5792100824B14 /* AppDelegate.swift in Sources */,
				1C4A92F62BB5792100824B14 /* SceneDelegate.swift in Sources */,
			);
			runOnlyForDeploymentPostprocessing = 0;
		};
		1C4A93072BB579ED00824B14 /* Sources */ = {
			isa = PBXSourcesBuildPhase;
			buildActionMask = 2147483647;
			files = (
				1C4A93112BB579ED00824B14 /* SampleHandler.swift in Sources */,
			);
			runOnlyForDeploymentPostprocessing = 0;
		};
		1C4A93132BB579ED00824B14 /* Sources */ = {
			isa = PBXSourcesBuildPhase;
			buildActionMask = 2147483647;
			files = (
				1C4A931D2BB579ED00824B14 /* BroadcastSetupViewController.swift in Sources */,
			);
			runOnlyForDeploymentPostprocessing = 0;
		};
/* End PBXSourcesBuildPhase section */

/* Begin PBXTargetDependency section */
		1C4A93202BB579ED00824B14 /* PBXTargetDependency */ = {
			isa = PBXTargetDependency;
			target = 1C4A93162BB579ED00824B14 /* ScreenRecordingExampleExtensionSetupUI */;
			targetProxy = 1C4A931F2BB579ED00824B14 /* PBXContainerItemProxy */;
		};
		1C4A93232BB579ED00824B14 /* PBXTargetDependency */ = {
			isa = PBXTargetDependency;
			target = 1C4A930A2BB579ED00824B14 /* ScreenRecordingExampleExtension */;
			targetProxy = 1C4A93222BB579ED00824B14 /* PBXContainerItemProxy */;
		};
/* End PBXTargetDependency section */

/* Begin PBXVariantGroup section */
		1C4A92F92BB5792100824B14 /* Main.storyboard */ = {
			isa = PBXVariantGroup;
			children = (
				1C4A92FA2BB5792100824B14 /* Base */,
			);
			name = Main.storyboard;
			sourceTree = "<group>";
		};
		1C4A92FE2BB5792200824B14 /* LaunchScreen.storyboard */ = {
			isa = PBXVariantGroup;
			children = (
				1C4A92FF2BB5792200824B14 /* Base */,
			);
			name = LaunchScreen.storyboard;
			sourceTree = "<group>";
		};
/* End PBXVariantGroup section */

/* Begin XCBuildConfiguration section */
		1C4A93022BB5792200824B14 /* Debug */ = {
			isa = XCBuildConfiguration;
			buildSettings = {
				ALWAYS_SEARCH_USER_PATHS = NO;
				ASSETCATALOG_COMPILER_GENERATE_SWIFT_ASSET_SYMBOL_EXTENSIONS = YES;
				CLANG_ANALYZER_NONNULL = YES;
				CLANG_ANALYZER_NUMBER_OBJECT_CONVERSION = YES_AGGRESSIVE;
				CLANG_CXX_LANGUAGE_STANDARD = "gnu++20";
				CLANG_ENABLE_MODULES = YES;
				CLANG_ENABLE_OBJC_ARC = YES;
				CLANG_ENABLE_OBJC_WEAK = YES;
				CLANG_WARN_BLOCK_CAPTURE_AUTORELEASING = YES;
				CLANG_WARN_BOOL_CONVERSION = YES;
				CLANG_WARN_COMMA = YES;
				CLANG_WARN_CONSTANT_CONVERSION = YES;
				CLANG_WARN_DEPRECATED_OBJC_IMPLEMENTATIONS = YES;
				CLANG_WARN_DIRECT_OBJC_ISA_USAGE = YES_ERROR;
				CLANG_WARN_DOCUMENTATION_COMMENTS = YES;
				CLANG_WARN_EMPTY_BODY = YES;
				CLANG_WARN_ENUM_CONVERSION = YES;
				CLANG_WARN_INFINITE_RECURSION = YES;
				CLANG_WARN_INT_CONVERSION = YES;
				CLANG_WARN_NON_LITERAL_NULL_CONVERSION = YES;
				CLANG_WARN_OBJC_IMPLICIT_RETAIN_SELF = YES;
				CLANG_WARN_OBJC_LITERAL_CONVERSION = YES;
				CLANG_WARN_OBJC_ROOT_CLASS = YES_ERROR;
				CLANG_WARN_QUOTED_INCLUDE_IN_FRAMEWORK_HEADER = YES;
				CLANG_WARN_RANGE_LOOP_ANALYSIS = YES;
				CLANG_WARN_STRICT_PROTOTYPES = YES;
				CLANG_WARN_SUSPICIOUS_MOVE = YES;
				CLANG_WARN_UNGUARDED_AVAILABILITY = YES_AGGRESSIVE;
				CLANG_WARN_UNREACHABLE_CODE = YES;
				CLANG_WARN__DUPLICATE_METHOD_MATCH = YES;
				COPY_PHASE_STRIP = NO;
				DEBUG_INFORMATION_FORMAT = dwarf;
				ENABLE_STRICT_OBJC_MSGSEND = YES;
				ENABLE_TESTABILITY = YES;
				ENABLE_USER_SCRIPT_SANDBOXING = YES;
				GCC_C_LANGUAGE_STANDARD = gnu17;
				GCC_DYNAMIC_NO_PIC = NO;
				GCC_NO_COMMON_BLOCKS = YES;
				GCC_OPTIMIZATION_LEVEL = 0;
				GCC_PREPROCESSOR_DEFINITIONS = (
					"DEBUG=1",
					"$(inherited)",
				);
				GCC_WARN_64_TO_32_BIT_CONVERSION = YES;
				GCC_WARN_ABOUT_RETURN_TYPE = YES_ERROR;
				GCC_WARN_UNDECLARED_SELECTOR = YES;
				GCC_WARN_UNINITIALIZED_AUTOS = YES_AGGRESSIVE;
				GCC_WARN_UNUSED_FUNCTION = YES;
				GCC_WARN_UNUSED_VARIABLE = YES;
				IPHONEOS_DEPLOYMENT_TARGET = 17.4;
				LOCALIZATION_PREFERS_STRING_CATALOGS = YES;
				MTL_ENABLE_DEBUG_INFO = INCLUDE_SOURCE;
				MTL_FAST_MATH = YES;
				ONLY_ACTIVE_ARCH = YES;
				SDKROOT = iphoneos;
				SWIFT_ACTIVE_COMPILATION_CONDITIONS = "DEBUG $(inherited)";
				SWIFT_OPTIMIZATION_LEVEL = "-Onone";
			};
			name = Debug;
		};
		1C4A93032BB5792200824B14 /* Release */ = {
			isa = XCBuildConfiguration;
			buildSettings = {
				ALWAYS_SEARCH_USER_PATHS = NO;
				ASSETCATALOG_COMPILER_GENERATE_SWIFT_ASSET_SYMBOL_EXTENSIONS = YES;
				CLANG_ANALYZER_NONNULL = YES;
				CLANG_ANALYZER_NUMBER_OBJECT_CONVERSION = YES_AGGRESSIVE;
				CLANG_CXX_LANGUAGE_STANDARD = "gnu++20";
				CLANG_ENABLE_MODULES = YES;
				CLANG_ENABLE_OBJC_ARC = YES;
				CLANG_ENABLE_OBJC_WEAK = YES;
				CLANG_WARN_BLOCK_CAPTURE_AUTORELEASING = YES;
				CLANG_WARN_BOOL_CONVERSION = YES;
				CLANG_WARN_COMMA = YES;
				CLANG_WARN_CONSTANT_CONVERSION = YES;
				CLANG_WARN_DEPRECATED_OBJC_IMPLEMENTATIONS = YES;
				CLANG_WARN_DIRECT_OBJC_ISA_USAGE = YES_ERROR;
				CLANG_WARN_DOCUMENTATION_COMMENTS = YES;
				CLANG_WARN_EMPTY_BODY = YES;
				CLANG_WARN_ENUM_CONVERSION = YES;
				CLANG_WARN_INFINITE_RECURSION = YES;
				CLANG_WARN_INT_CONVERSION = YES;
				CLANG_WARN_NON_LITERAL_NULL_CONVERSION = YES;
				CLANG_WARN_OBJC_IMPLICIT_RETAIN_SELF = YES;
				CLANG_WARN_OBJC_LITERAL_CONVERSION = YES;
				CLANG_WARN_OBJC_ROOT_CLASS = YES_ERROR;
				CLANG_WARN_QUOTED_INCLUDE_IN_FRAMEWORK_HEADER = YES;
				CLANG_WARN_RANGE_LOOP_ANALYSIS = YES;
				CLANG_WARN_STRICT_PROTOTYPES = YES;
				CLANG_WARN_SUSPICIOUS_MOVE = YES;
				CLANG_WARN_UNGUARDED_AVAILABILITY = YES_AGGRESSIVE;
				CLANG_WARN_UNREACHABLE_CODE = YES;
				CLANG_WARN__DUPLICATE_METHOD_MATCH = YES;
				COPY_PHASE_STRIP = NO;
				DEBUG_INFORMATION_FORMAT = "dwarf-with-dsym";
				ENABLE_NS_ASSERTIONS = NO;
				ENABLE_STRICT_OBJC_MSGSEND = YES;
				ENABLE_USER_SCRIPT_SANDBOXING = YES;
				GCC_C_LANGUAGE_STANDARD = gnu17;
				GCC_NO_COMMON_BLOCKS = YES;
				GCC_WARN_64_TO_32_BIT_CONVERSION = YES;
				GCC_WARN_ABOUT_RETURN_TYPE = YES_ERROR;
				GCC_WARN_UNDECLARED_SELECTOR = YES;
				GCC_WARN_UNINITIALIZED_AUTOS = YES_AGGRESSIVE;
				GCC_WARN_UNUSED_FUNCTION = YES;
				GCC_WARN_UNUSED_VARIABLE = YES;
				IPHONEOS_DEPLOYMENT_TARGET = 17.4;
				LOCALIZATION_PREFERS_STRING_CATALOGS = YES;
				MTL_ENABLE_DEBUG_INFO = NO;
				MTL_FAST_MATH = YES;
				SDKROOT = iphoneos;
				SWIFT_COMPILATION_MODE = wholemodule;
				VALIDATE_PRODUCT = YES;
			};
			name = Release;
		};
		1C4A93052BB5792200824B14 /* Debug */ = {
			isa = XCBuildConfiguration;
			buildSettings = {
				ALWAYS_EMBED_SWIFT_STANDARD_LIBRARIES = YES;
				ASSETCATALOG_COMPILER_APPICON_NAME = AppIcon;
				ASSETCATALOG_COMPILER_GLOBAL_ACCENT_COLOR_NAME = AccentColor;
				CODE_SIGN_ENTITLEMENTS = ScreenRecordingExample/ScreenRecordingExample.entitlements;
				CODE_SIGN_STYLE = Automatic;
				CURRENT_PROJECT_VERSION = 1;
				DEVELOPMENT_TEAM = 64L6BFS38D;
				GENERATE_INFOPLIST_FILE = YES;
				INFOPLIST_FILE = ScreenRecordingExample/Info.plist;
				INFOPLIST_KEY_UIApplicationSupportsIndirectInputEvents = YES;
				INFOPLIST_KEY_UILaunchStoryboardName = LaunchScreen;
				INFOPLIST_KEY_UIMainStoryboardFile = Main;
				INFOPLIST_KEY_UISupportedInterfaceOrientations_iPad = "UIInterfaceOrientationPortrait UIInterfaceOrientationPortraitUpsideDown UIInterfaceOrientationLandscapeLeft UIInterfaceOrientationLandscapeRight";
				INFOPLIST_KEY_UISupportedInterfaceOrientations_iPhone = "UIInterfaceOrientationPortrait UIInterfaceOrientationLandscapeLeft UIInterfaceOrientationLandscapeRight";
				IPHONEOS_DEPLOYMENT_TARGET = 17.0;
				LD_RUNPATH_SEARCH_PATHS = (
					"$(inherited)",
					"@executable_path/Frameworks",
				);
				MARKETING_VERSION = 1.0;
				PRODUCT_BUNDLE_IDENTIFIER = com.app.ScreenRecordingExample;
				PRODUCT_NAME = "$(TARGET_NAME)";
				SWIFT_EMIT_LOC_STRINGS = YES;
				SWIFT_VERSION = 5.0;
				TARGETED_DEVICE_FAMILY = "1,2";
			};
			name = Debug;
		};
		1C4A93062BB5792200824B14 /* Release */ = {
			isa = XCBuildConfiguration;
			buildSettings = {
				ALWAYS_EMBED_SWIFT_STANDARD_LIBRARIES = YES;
				ASSETCATALOG_COMPILER_APPICON_NAME = AppIcon;
				ASSETCATALOG_COMPILER_GLOBAL_ACCENT_COLOR_NAME = AccentColor;
				CODE_SIGN_ENTITLEMENTS = ScreenRecordingExample/ScreenRecordingExample.entitlements;
				CODE_SIGN_STYLE = Automatic;
				CURRENT_PROJECT_VERSION = 1;
				DEVELOPMENT_TEAM = 64L6BFS38D;
				GENERATE_INFOPLIST_FILE = YES;
				INFOPLIST_FILE = ScreenRecordingExample/Info.plist;
				INFOPLIST_KEY_UIApplicationSupportsIndirectInputEvents = YES;
				INFOPLIST_KEY_UILaunchStoryboardName = LaunchScreen;
				INFOPLIST_KEY_UIMainStoryboardFile = Main;
				INFOPLIST_KEY_UISupportedInterfaceOrientations_iPad = "UIInterfaceOrientationPortrait UIInterfaceOrientationPortraitUpsideDown UIInterfaceOrientationLandscapeLeft UIInterfaceOrientationLandscapeRight";
				INFOPLIST_KEY_UISupportedInterfaceOrientations_iPhone = "UIInterfaceOrientationPortrait UIInterfaceOrientationLandscapeLeft UIInterfaceOrientationLandscapeRight";
				IPHONEOS_DEPLOYMENT_TARGET = 17.0;
				LD_RUNPATH_SEARCH_PATHS = (
					"$(inherited)",
					"@executable_path/Frameworks",
				);
				MARKETING_VERSION = 1.0;
				PRODUCT_BUNDLE_IDENTIFIER = com.app.ScreenRecordingExample;
				PRODUCT_NAME = "$(TARGET_NAME)";
				SWIFT_EMIT_LOC_STRINGS = YES;
				SWIFT_VERSION = 5.0;
				TARGETED_DEVICE_FAMILY = "1,2";
			};
			name = Release;
		};
		1C4A93262BB579ED00824B14 /* Debug */ = {
			isa = XCBuildConfiguration;
			buildSettings = {
				CODE_SIGN_STYLE = Automatic;
				CURRENT_PROJECT_VERSION = 1;
				DEVELOPMENT_TEAM = 64L6BFS38D;
				GENERATE_INFOPLIST_FILE = YES;
				INFOPLIST_FILE = ScreenRecordingExampleExtensionSetupUI/Info.plist;
				INFOPLIST_KEY_CFBundleDisplayName = ScreenRecordingExampleExtensionSetupUI;
				INFOPLIST_KEY_NSHumanReadableCopyright = "";
				IPHONEOS_DEPLOYMENT_TARGET = 17.0;
				LD_RUNPATH_SEARCH_PATHS = (
					"$(inherited)",
					"@executable_path/Frameworks",
					"@executable_path/../../Frameworks",
				);
				MARKETING_VERSION = 1.0;
				PRODUCT_BUNDLE_IDENTIFIER = com.app.ScreenRecordingExample.ScreenRecordingExampleExtensionSetupUI;
				PRODUCT_NAME = "$(TARGET_NAME)";
				SKIP_INSTALL = YES;
				SWIFT_EMIT_LOC_STRINGS = YES;
				SWIFT_VERSION = 5.0;
				TARGETED_DEVICE_FAMILY = "1,2";
			};
			name = Debug;
		};
		1C4A93272BB579ED00824B14 /* Release */ = {
			isa = XCBuildConfiguration;
			buildSettings = {
				CODE_SIGN_STYLE = Automatic;
				CURRENT_PROJECT_VERSION = 1;
				DEVELOPMENT_TEAM = 64L6BFS38D;
				GENERATE_INFOPLIST_FILE = YES;
				INFOPLIST_FILE = ScreenRecordingExampleExtensionSetupUI/Info.plist;
				INFOPLIST_KEY_CFBundleDisplayName = ScreenRecordingExampleExtensionSetupUI;
				INFOPLIST_KEY_NSHumanReadableCopyright = "";
				IPHONEOS_DEPLOYMENT_TARGET = 17.0;
				LD_RUNPATH_SEARCH_PATHS = (
					"$(inherited)",
					"@executable_path/Frameworks",
					"@executable_path/../../Frameworks",
				);
				MARKETING_VERSION = 1.0;
				PRODUCT_BUNDLE_IDENTIFIER = com.app.ScreenRecordingExample.ScreenRecordingExampleExtensionSetupUI;
				PRODUCT_NAME = "$(TARGET_NAME)";
				SKIP_INSTALL = YES;
				SWIFT_EMIT_LOC_STRINGS = YES;
				SWIFT_VERSION = 5.0;
				TARGETED_DEVICE_FAMILY = "1,2";
			};
			name = Release;
		};
		1C4A93292BB579ED00824B14 /* Debug */ = {
			isa = XCBuildConfiguration;
			buildSettings = {
				CODE_SIGN_ENTITLEMENTS = ScreenRecordingExampleExtension/ScreenRecordingExampleExtension.entitlements;
				CODE_SIGN_STYLE = Automatic;
				CURRENT_PROJECT_VERSION = 1;
				DEVELOPMENT_TEAM = 64L6BFS38D;
				GENERATE_INFOPLIST_FILE = YES;
				INFOPLIST_FILE = ScreenRecordingExampleExtension/Info.plist;
				INFOPLIST_KEY_CFBundleDisplayName = ScreenRecordingExampleExtension;
				INFOPLIST_KEY_NSHumanReadableCopyright = "";
				IPHONEOS_DEPLOYMENT_TARGET = 17.0;
				LD_RUNPATH_SEARCH_PATHS = (
					"$(inherited)",
					"@executable_path/Frameworks",
					"@executable_path/../../Frameworks",
				);
				MARKETING_VERSION = 1.0;
				PRODUCT_BUNDLE_IDENTIFIER = com.app.ScreenRecordingExample.ScreenRecordingExampleExtension;
				PRODUCT_NAME = "$(TARGET_NAME)";
				SKIP_INSTALL = YES;
				SWIFT_EMIT_LOC_STRINGS = YES;
				SWIFT_VERSION = 5.0;
				TARGETED_DEVICE_FAMILY = "1,2";
			};
			name = Debug;
		};
		1C4A932A2BB579ED00824B14 /* Release */ = {
			isa = XCBuildConfiguration;
			buildSettings = {
				CODE_SIGN_ENTITLEMENTS = ScreenRecordingExampleExtension/ScreenRecordingExampleExtension.entitlements;
				CODE_SIGN_STYLE = Automatic;
				CURRENT_PROJECT_VERSION = 1;
				DEVELOPMENT_TEAM = 64L6BFS38D;
				GENERATE_INFOPLIST_FILE = YES;
				INFOPLIST_FILE = ScreenRecordingExampleExtension/Info.plist;
				INFOPLIST_KEY_CFBundleDisplayName = ScreenRecordingExampleExtension;
				INFOPLIST_KEY_NSHumanReadableCopyright = "";
				IPHONEOS_DEPLOYMENT_TARGET = 17.0;
				LD_RUNPATH_SEARCH_PATHS = (
					"$(inherited)",
					"@executable_path/Frameworks",
					"@executable_path/../../Frameworks",
				);
				MARKETING_VERSION = 1.0;
				PRODUCT_BUNDLE_IDENTIFIER = com.app.ScreenRecordingExample.ScreenRecordingExampleExtension;
				PRODUCT_NAME = "$(TARGET_NAME)";
				SKIP_INSTALL = YES;
				SWIFT_EMIT_LOC_STRINGS = YES;
				SWIFT_VERSION = 5.0;
				TARGETED_DEVICE_FAMILY = "1,2";
			};
			name = Release;
		};
/* End XCBuildConfiguration section */

/* Begin XCConfigurationList section */
		1C4A92EB2BB5792100824B14 /* Build configuration list for PBXProject "ScreenRecordingExample" */ = {
			isa = XCConfigurationList;
			buildConfigurations = (
				1C4A93022BB5792200824B14 /* Debug */,
				1C4A93032BB5792200824B14 /* Release */,
			);
			defaultConfigurationIsVisible = 0;
			defaultConfigurationName = Release;
		};
		1C4A93042BB5792200824B14 /* Build configuration list for PBXNativeTarget "ScreenRecordingExample" */ = {
			isa = XCConfigurationList;
			buildConfigurations = (
				1C4A93052BB5792200824B14 /* Debug */,
				1C4A93062BB5792200824B14 /* Release */,
			);
			defaultConfigurationIsVisible = 0;
			defaultConfigurationName = Release;
		};
		1C4A93252BB579ED00824B14 /* Build configuration list for PBXNativeTarget "ScreenRecordingExampleExtensionSetupUI" */ = {
			isa = XCConfigurationList;
			buildConfigurations = (
				1C4A93262BB579ED00824B14 /* Debug */,
				1C4A93272BB579ED00824B14 /* Release */,
			);
			defaultConfigurationIsVisible = 0;
			defaultConfigurationName = Release;
		};
		1C4A93282BB579ED00824B14 /* Build configuration list for PBXNativeTarget "ScreenRecordingExampleExtension" */ = {
			isa = XCConfigurationList;
			buildConfigurations = (
				1C4A93292BB579ED00824B14 /* Debug */,
				1C4A932A2BB579ED00824B14 /* Release */,
			);
			defaultConfigurationIsVisible = 0;
			defaultConfigurationName = Release;
		};
/* End XCConfigurationList section */

/* Begin XCRemoteSwiftPackageReference section */
		1C4A932E2BB6875800824B14 /* XCRemoteSwiftPackageReference "BroadcastWriter" */ = {
			isa = XCRemoteSwiftPackageReference;
			repositoryURL = "https://github.com/romiroma/BroadcastWriter";
			requirement = {
				branch = main;
				kind = branch;
			};
		};
/* End XCRemoteSwiftPackageReference section */

/* Begin XCSwiftPackageProductDependency section */
		1C4A932F2BB6875800824B14 /* BroadcastWriter */ = {
			isa = XCSwiftPackageProductDependency;
			package = 1C4A932E2BB6875800824B14 /* XCRemoteSwiftPackageReference "BroadcastWriter" */;
			productName = BroadcastWriter;
		};
/* End XCSwiftPackageProductDependency section */
	};
	rootObject = 1C4A92E82BB5792100824B14 /* Project object */;
}
